
Microsoft Visual Studio Solution File, Format Version 12.00
# Visual Studio Version 16
VisualStudioVersion = 16.0.31424.327
MinimumVisualStudioVersion = 10.0.40219.1
Project("{FAE04EC0-301F-11D3-BF4B-00C04F79EFBC}") = "RadarSystem", "RadarSystem\RadarSystem.csproj", "{4EFCD310-29AB-4CFC-A38C-A8C4269A2DD8}"
EndProject
Global
	GlobalSection(SolutionConfigurationPlatforms) = preSolution
		Debug|Any CPU = Debug|Any CPU
		Release|Any CPU = Release|Any CPU
	EndGlobalSection
	GlobalSection(ProjectConfigurationPlatforms) = postSolution
		{4EFCD310-29AB-4CFC-A38C-A8C4269A2DD8}.Debug|Any CPU.ActiveCfg = Debug|Any CPU
		{4EFCD310-29AB-4CFC-A38C-A8C4269A2DD8}.Debug|Any CPU.Build.0 = Debug|Any CPU
		{4EFCD310-29AB-4CFC-A38C-A8C4269A2DD8}.Release|Any CPU.ActiveCfg = Release|Any CPU
		{4EFCD310-29AB-4CFC-A38C-A8C4269A2DD8}.Release|Any CPU.Build.0 = Release|Any CPU
	EndGlobalSection
	GlobalSection(SolutionProperties) = preSolution
		HideSolutionNode = FALSE
	EndGlobalSection
	GlobalSection(ExtensibilityGlobals) = postSolution
		SolutionGuid = {4A8E2FD4-2A95-4291-8293-C3F77C6E7887}
	EndGlobalSection
EndGlobal
